hash: 6f2178f288ab53a28b44820c2b89025d31d9756ec875eb9068d9711804dcbf58
updated: 2017-12-30T20:03:50.981289+01:00
imports:
- name: github.com/golang/glog
  version: 23def4e6c14b4da8ac2ed8007337bc5eb5007998
- name: github.com/kidoman/embd
  version: d3d8c0c5c68dc6caccebb7d720f36e64bafd0a62
  subpackages:
  - host/all
  - host/bbb
  - host/generic
  - host/rpi
  - util
- name: github.com/kr/pretty
  version: cfb55aafdaf3ec08f0db22699ab822c50091b1c4
- name: github.com/rs/cors
  version: 7af7a1e09ba336d2ea14b1ce73bf693c6837dbf6
- name: github.com/stianeikeland/go-rpio
  version: 896db2ee1c7f95240dd6a09e56edf9cece107a34
- name: periph.io/x/periph
  version: bdb4e4c4979bc79ee8c99e6432bd16519d7902a1
  subpackages:
  - conn
  - conn/gpio
  - conn/gpio/gpioreg
  - conn/i2c
  - conn/i2c/i2creg
  - conn/pin
  - conn/pin/pinreg
  - conn/spi
  - conn/spi/spireg
  - devices
  - host
  - host/allwinner
  - host/bcm283x
  - host/chip
  - host/cpu
  - host/distro
  - host/fs
  - host/odroidc1
  - host/pine64
  - host/pmem
  - host/rpi
  - host/sysfs
  - host/videocore
testImports: []
