hash: 9c5288ca85461a5152d66087318cf8aaf7a45b6295736cded5f470ff10937519
updated: 2018-01-01T22:54:11.456274+01:00
imports:
- name: github.com/rs/cors
  version: 7af7a1e09ba336d2ea14b1ce73bf693c6837dbf6
- name: periph.io/x/periph
  version: bdb4e4c4979bc79ee8c99e6432bd16519d7902a1
  subpackages:
  - conn
  - conn/gpio
  - conn/gpio/gpioreg
  - conn/i2c
  - conn/i2c/i2creg
  - conn/pin
  - conn/pin/pinreg
  - conn/spi
  - conn/spi/spireg
  - devices
  - host
  - host/allwinner
  - host/bcm283x
  - host/chip
  - host/cpu
  - host/distro
  - host/fs
  - host/odroidc1
  - host/pine64
  - host/pmem
  - host/rpi
  - host/sysfs
  - host/videocore
testImports: []
