# This file is autogenerated, do not edit; changes may be undone by the next 'dep ensure'.


[[projects]]
  name = "github.com/rs/cors"
  packages = ["."]
  revision = "7af7a1e09ba336d2ea14b1ce73bf693c6837dbf6"
  version = "v1.2"

[[projects]]
  name = "periph.io/x/periph"
  packages = [".","conn","conn/gpio","conn/gpio/gpioreg","conn/i2c","conn/i2c/i2creg","conn/pin","conn/pin/pinreg","conn/spi","conn/spi/spireg","devices","host","host/allwinner","host/bcm283x","host/chip","host/cpu","host/distro","host/fs","host/odroidc1","host/pine64","host/pmem","host/rpi","host/sysfs","host/videocore"]
  revision = "bdb4e4c4979bc79ee8c99e6432bd16519d7902a1"
  version = "v2.1.0"

[solve-meta]
  analyzer-name = "dep"
  analyzer-version = 1
  inputs-digest = "da5355f1bc99051df21dce688b20811a9a22e93db947272d552c7c94815fd444"
  solver-name = "gps-cdcl"
  solver-version = 1
